
Microsoft Visual Studio Solution File, Format Version 11.00
# Visual Studio 2010
Project("{FAE04EC0-301F-11D3-BF4B-00C04F79EFBC}") = "OnceInTheStoreGameClasses", "OnceInTheStoreGameClasses\OnceInTheStoreGameClasses.csproj", "{39575382-F5CA-4871-B179-69C4FF72214F}"
EndProject
Project("{FAE04EC0-301F-11D3-BF4B-00C04F79EFBC}") = "OnceInTheStoreComponents", "OnceInTheStoreComponents\OnceInTheStoreComponents.csproj", "{720AF1E4-0156-4537-B2B6-4DE16EC53822}"
EndProject
Project("{FAE04EC0-301F-11D3-BF4B-00C04F79EFBC}") = "OnceInTheStoreUnity", "OnceInTheStoreUnity\OnceInTheStoreUnity.csproj", "{78502F0F-58B0-47E6-90FB-9928F34C829F}"
EndProject
Global
	GlobalSection(SolutionConfigurationPlatforms) = preSolution
		Debug|Any CPU = Debug|Any CPU
		Debug|Mixed Platforms = Debug|Mixed Platforms
		Debug|x86 = Debug|x86
		Release|Any CPU = Release|Any CPU
		Release|Mixed Platforms = Release|Mixed Platforms
		Release|x86 = Release|x86
	EndGlobalSection
	GlobalSection(ProjectConfigurationPlatforms) = postSolution
		{39575382-F5CA-4871-B179-69C4FF72214F}.Debug|Any CPU.ActiveCfg = Debug|Any CPU
		{39575382-F5CA-4871-B179-69C4FF72214F}.Debug|Any CPU.Build.0 = Debug|Any CPU
		{39575382-F5CA-4871-B179-69C4FF72214F}.Debug|Mixed Platforms.ActiveCfg = Debug|Any CPU
		{39575382-F5CA-4871-B179-69C4FF72214F}.Debug|Mixed Platforms.Build.0 = Debug|Any CPU
		{39575382-F5CA-4871-B179-69C4FF72214F}.Debug|x86.ActiveCfg = Debug|Any CPU
		{39575382-F5CA-4871-B179-69C4FF72214F}.Release|Any CPU.ActiveCfg = Release|Any CPU
		{39575382-F5CA-4871-B179-69C4FF72214F}.Release|Any CPU.Build.0 = Release|Any CPU
		{39575382-F5CA-4871-B179-69C4FF72214F}.Release|Mixed Platforms.ActiveCfg = Release|Any CPU
		{39575382-F5CA-4871-B179-69C4FF72214F}.Release|Mixed Platforms.Build.0 = Release|Any CPU
		{39575382-F5CA-4871-B179-69C4FF72214F}.Release|x86.ActiveCfg = Release|Any CPU
		{720AF1E4-0156-4537-B2B6-4DE16EC53822}.Debug|Any CPU.ActiveCfg = Debug|Any CPU
		{720AF1E4-0156-4537-B2B6-4DE16EC53822}.Debug|Any CPU.Build.0 = Debug|Any CPU
		{720AF1E4-0156-4537-B2B6-4DE16EC53822}.Debug|Mixed Platforms.ActiveCfg = Debug|Any CPU
		{720AF1E4-0156-4537-B2B6-4DE16EC53822}.Debug|Mixed Platforms.Build.0 = Debug|Any CPU
		{720AF1E4-0156-4537-B2B6-4DE16EC53822}.Debug|x86.ActiveCfg = Debug|Any CPU
		{720AF1E4-0156-4537-B2B6-4DE16EC53822}.Release|Any CPU.ActiveCfg = Release|Any CPU
		{720AF1E4-0156-4537-B2B6-4DE16EC53822}.Release|Any CPU.Build.0 = Release|Any CPU
		{720AF1E4-0156-4537-B2B6-4DE16EC53822}.Release|Mixed Platforms.ActiveCfg = Release|Any CPU
		{720AF1E4-0156-4537-B2B6-4DE16EC53822}.Release|Mixed Platforms.Build.0 = Release|Any CPU
		{720AF1E4-0156-4537-B2B6-4DE16EC53822}.Release|x86.ActiveCfg = Release|Any CPU
		{78502F0F-58B0-47E6-90FB-9928F34C829F}.Debug|Any CPU.ActiveCfg = Debug|Any CPU
		{78502F0F-58B0-47E6-90FB-9928F34C829F}.Debug|Any CPU.Build.0 = Debug|Any CPU
		{78502F0F-58B0-47E6-90FB-9928F34C829F}.Debug|Mixed Platforms.ActiveCfg = Debug|Any CPU
		{78502F0F-58B0-47E6-90FB-9928F34C829F}.Debug|Mixed Platforms.Build.0 = Debug|Any CPU
		{78502F0F-58B0-47E6-90FB-9928F34C829F}.Debug|x86.ActiveCfg = Debug|Any CPU
		{78502F0F-58B0-47E6-90FB-9928F34C829F}.Release|Any CPU.ActiveCfg = Release|Any CPU
		{78502F0F-58B0-47E6-90FB-9928F34C829F}.Release|Any CPU.Build.0 = Release|Any CPU
		{78502F0F-58B0-47E6-90FB-9928F34C829F}.Release|Mixed Platforms.ActiveCfg = Release|Any CPU
		{78502F0F-58B0-47E6-90FB-9928F34C829F}.Release|Mixed Platforms.Build.0 = Release|Any CPU
		{78502F0F-58B0-47E6-90FB-9928F34C829F}.Release|x86.ActiveCfg = Release|Any CPU
	EndGlobalSection
	GlobalSection(SolutionProperties) = preSolution
		HideSolutionNode = FALSE
	EndGlobalSection
EndGlobal
